
Microsoft Visual Studio Solution File, Format Version 12.00
# Visual Studio Version 17
VisualStudioVersion = 17.5.002.0
MinimumVisualStudioVersion = 10.0.40219.1
Project("{9A19103F-16F7-4668-BE54-9A1E7A4F7556}") = "WasmDn8Dbg", "WasmDn8Dbg\WasmDn8Dbg.csproj", "{8F17E4C9-405D-4FA9-88FB-B6E1532B91C6}"
EndProject
Global
	GlobalSection(SolutionConfigurationPlatforms) = preSolution
		Debug|Any CPU = Debug|Any CPU
		Release|Any CPU = Release|Any CPU
	EndGlobalSection
	GlobalSection(ProjectConfigurationPlatforms) = postSolution
		{8F17E4C9-405D-4FA9-88FB-B6E1532B91C6}.Debug|Any CPU.ActiveCfg = Debug|Any CPU
		{8F17E4C9-405D-4FA9-88FB-B6E1532B91C6}.Debug|Any CPU.Build.0 = Debug|Any CPU
		{8F17E4C9-405D-4FA9-88FB-B6E1532B91C6}.Release|Any CPU.ActiveCfg = Release|Any CPU
		{8F17E4C9-405D-4FA9-88FB-B6E1532B91C6}.Release|Any CPU.Build.0 = Release|Any CPU
	EndGlobalSection
	GlobalSection(SolutionProperties) = preSolution
		HideSolutionNode = FALSE
	EndGlobalSection
	GlobalSection(ExtensibilityGlobals) = postSolution
		SolutionGuid = {F817CE2D-0A2B-4F76-88F5-D39EC4D627BC}
	EndGlobalSection
EndGlobal
